# This file is autogenerated, do not edit; changes may be undone by the next 'dep ensure'.


[[projects]]
  branch = "master"
  name = "github.com/depbleed/go"
  packages = ["go-depbleed"]
  revision = "81e8c0918a292bb5043f8d241e4a5fdeb6a83f40"

[[projects]]
  name = "goji.io"
  packages = [".","internal","pat","pattern"]
  revision = "0d89ff54b2c18c9c4ba530e32496aef902d3c6cd"
  version = "v2.0"

[[projects]]
  branch = "master"
  name = "golang.org/x/tools"
  packages = ["go/ast/astutil","go/buildutil","go/loader"]
  revision = "bce9606b3f617bc6280aab6abbf25962c23f398d"

[[projects]]
  branch = "v2"
  name = "gopkg.in/mgo.v2"
  packages = [".","bson","internal/json","internal/sasl","internal/scram"]
  revision = "3f83fa5005286a7fe593b055f0d7771a7dce4655"

[solve-meta]
  analyzer-name = "dep"
  analyzer-version = 1
  inputs-digest = "9be9db092468ad2e3f7c631c1c9f80e86a1a38f92b907a6dfed57a189c9d2091"
  solver-name = "gps-cdcl"
  solver-version = 1
